
Microsoft Visual Studio Solution File, Format Version 12.00
# Visual Studio Version 16
VisualStudioVersion = 16.0.29806.167
MinimumVisualStudioVersion = 10.0.40219.1
Project("{FAE04EC0-301F-11D3-BF4B-00C04F79EFBC}") = "MVCSample", "MVCSample\MVCSample.csproj", "{54F054C7-D9BB-4977-A6C2-0788E1B8B8F7}"
EndProject
Global
	GlobalSection(SolutionConfigurationPlatforms) = preSolution
		Debug|Any CPU = Debug|Any CPU
		Release|Any CPU = Release|Any CPU
	EndGlobalSection
	GlobalSection(ProjectConfigurationPlatforms) = postSolution
		{54F054C7-D9BB-4977-A6C2-0788E1B8B8F7}.Debug|Any CPU.ActiveCfg = Debug|Any CPU
		{54F054C7-D9BB-4977-A6C2-0788E1B8B8F7}.Debug|Any CPU.Build.0 = Debug|Any CPU
		{54F054C7-D9BB-4977-A6C2-0788E1B8B8F7}.Release|Any CPU.ActiveCfg = Release|Any CPU
		{54F054C7-D9BB-4977-A6C2-0788E1B8B8F7}.Release|Any CPU.Build.0 = Release|Any CPU
	EndGlobalSection
	GlobalSection(SolutionProperties) = preSolution
		HideSolutionNode = FALSE
	EndGlobalSection
	GlobalSection(ExtensibilityGlobals) = postSolution
		SolutionGuid = {1C7A04F0-6931-4992-AD90-8D001675DD57}
	EndGlobalSection
EndGlobal
